// !$*UTF8*$!
{
	archiveVersion = 1;
	classes = {
	};
	objectVersion = 56;
	objects = {

/* Begin PBXBuildFile section */
		82CA385F2D144EDD00B71AD0 /* SpaceX_LaunchApp.swift in Sources */ = {isa = PBXBuildFile; fileRef = 82CA385E2D144EDD00B71AD0 /* SpaceX_LaunchApp.swift */; };
		82CA38662D144EE100B71AD0 /* Preview Assets.xcassets in Resources */ = {isa = PBXBuildFile; fileRef = 82CA38652D144EE100B71AD0 /* Preview Assets.xcassets */; };
		82CA38872D144F2300B71AD0 /* LaunchDetailView.swift in Sources */ = {isa = PBXBuildFile; fileRef = 82CA386D2D144F2200B71AD0 /* LaunchDetailView.swift */; };
		82CA38882D144F2300B71AD0 /* LaunchListView.swift in Sources */ = {isa = PBXBuildFile; fileRef = 82CA386E2D144F2200B71AD0 /* LaunchListView.swift */; };
		82CA38892D144F2300B71AD0 /* LaunchItemCell.swift in Sources */ = {isa = PBXBuildFile; fileRef = 82CA38702D144F2200B71AD0 /* LaunchItemCell.swift */; };
		82CA388A2D144F2300B71AD0 /* CountDownView.swift in Sources */ = {isa = PBXBuildFile; fileRef = 82CA38712D144F2200B71AD0 /* CountDownView.swift */; };
		82CA388B2D144F2300B71AD0 /* LaunchCell.swift in Sources */ = {isa = PBXBuildFile; fileRef = 82CA38722D144F2200B71AD0 /* LaunchCell.swift */; };
		82CA388C2D144F2300B71AD0 /* LinkRow.swift in Sources */ = {isa = PBXBuildFile; fileRef = 82CA38732D144F2200B71AD0 /* LinkRow.swift */; };
		82CA388D2D144F2300B71AD0 /* APIManager.swift in Sources */ = {isa = PBXBuildFile; fileRef = 82CA38752D144F2200B71AD0 /* APIManager.swift */; };
		82CA388E2D144F2300B71AD0 /* APIEndpoint.swift in Sources */ = {isa = PBXBuildFile; fileRef = 82CA38762D144F2200B71AD0 /* APIEndpoint.swift */; };
		82CA388F2D144F2300B71AD0 /* Links.swift in Sources */ = {isa = PBXBuildFile; fileRef = 82CA38782D144F2200B71AD0 /* Links.swift */; };
		82CA38902D144F2300B71AD0 /* LaunchType.swift in Sources */ = {isa = PBXBuildFile; fileRef = 82CA387A2D144F2200B71AD0 /* LaunchType.swift */; };
		82CA38912D144F2300B71AD0 /* Patch.swift in Sources */ = {isa = PBXBuildFile; fileRef = 82CA387B2D144F2200B71AD0 /* Patch.swift */; };
		82CA38922D144F2300B71AD0 /* Launchs.swift in Sources */ = {isa = PBXBuildFile; fileRef = 82CA387C2D144F2200B71AD0 /* Launchs.swift */; };
		82CA38932D144F2300B71AD0 /* Core.swift in Sources */ = {isa = PBXBuildFile; fileRef = 82CA387D2D144F2200B71AD0 /* Core.swift */; };
		82CA38942D144F2300B71AD0 /* Launch.swift in Sources */ = {isa = PBXBuildFile; fileRef = 82CA387E2D144F2200B71AD0 /* Launch.swift */; };
		82CA38952D144F2300B71AD0 /* RedditLinks.swift in Sources */ = {isa = PBXBuildFile; fileRef = 82CA387F2D144F2200B71AD0 /* RedditLinks.swift */; };
		82CA38962D144F2300B71AD0 /* FlickrLinks.swift in Sources */ = {isa = PBXBuildFile; fileRef = 82CA38802D144F2200B71AD0 /* FlickrLinks.swift */; };
		82CA38972D144F2300B71AD0 /* DateUtil.swift in Sources */ = {isa = PBXBuildFile; fileRef = 82CA38822D144F2300B71AD0 /* DateUtil.swift */; };
		82CA38982D144F2300B71AD0 /* ColorUtil.swift in Sources */ = {isa = PBXBuildFile; fileRef = 82CA38832D144F2300B71AD0 /* ColorUtil.swift */; };
		82CA38992D144F2300B71AD0 /* LaunchViewModel.swift in Sources */ = {isa = PBXBuildFile; fileRef = 82CA38852D144F2300B71AD0 /* LaunchViewModel.swift */; };
		82CA389A2D144F2300B71AD0 /* LaunchListViewModel.swift in Sources */ = {isa = PBXBuildFile; fileRef = 82CA38862D144F2300B71AD0 /* LaunchListViewModel.swift */; };
		82CA389E2D144F2C00B71AD0 /* Localizable.xcstrings in Resources */ = {isa = PBXBuildFile; fileRef = 82CA389C2D144F2C00B71AD0 /* Localizable.xcstrings */; };
		82F89C6A2D145202006B320B /* Assets.xcassets in Resources */ = {isa = PBXBuildFile; fileRef = 82F89C692D145202006B320B /* Assets.xcassets */; };
		E3CA455675065735B4F81FE4 /* Pods_SpaceX_Launch.framework in Frameworks */ = {isa = PBXBuildFile; fileRef = 1EF5E0C99C41C1E8F7EE2321 /* Pods_SpaceX_Launch.framework */; };
/* End PBXBuildFile section */

/* Begin PBXFileReference section */
		0B9C16B811A966288381FC3F /* Pods-SpaceX-Launch.release.xcconfig */ = {isa = PBXFileReference; includeInIndex = 1; lastKnownFileType = text.xcconfig; name = "Pods-SpaceX-Launch.release.xcconfig"; path = "Target Support Files/Pods-SpaceX-Launch/Pods-SpaceX-Launch.release.xcconfig"; sourceTree = "<group>"; };
		1EF5E0C99C41C1E8F7EE2321 /* Pods_SpaceX_Launch.framework */ = {isa = PBXFileReference; explicitFileType = wrapper.framework; includeInIndex = 0; path = Pods_SpaceX_Launch.framework; sourceTree = BUILT_PRODUCTS_DIR; };
		82CA385B2D144EDD00B71AD0 /* SpaceX-Launch.app */ = {isa = PBXFileReference; explicitFileType = wrapper.application; includeInIndex = 0; path = "SpaceX-Launch.app"; sourceTree = BUILT_PRODUCTS_DIR; };
		82CA385E2D144EDD00B71AD0 /* SpaceX_LaunchApp.swift */ = {isa = PBXFileReference; lastKnownFileType = sourcecode.swift; path = SpaceX_LaunchApp.swift; sourceTree = "<group>"; };
		82CA38652D144EE100B71AD0 /* Preview Assets.xcassets */ = {isa = PBXFileReference; lastKnownFileType = folder.assetcatalog; path = "Preview Assets.xcassets"; sourceTree = "<group>"; };
		82CA386D2D144F2200B71AD0 /* LaunchDetailView.swift */ = {isa = PBXFileReference; fileEncoding = 4; lastKnownFileType = sourcecode.swift; path = LaunchDetailView.swift; sourceTree = "<group>"; };
		82CA386E2D144F2200B71AD0 /* LaunchListView.swift */ = {isa = PBXFileReference; fileEncoding = 4; lastKnownFileType = sourcecode.swift; path = LaunchListView.swift; sourceTree = "<group>"; };
		82CA38702D144F2200B71AD0 /* LaunchItemCell.swift */ = {isa = PBXFileReference; fileEncoding = 4; lastKnownFileType = sourcecode.swift; path = LaunchItemCell.swift; sourceTree = "<group>"; };
		82CA38712D144F2200B71AD0 /* CountDownView.swift */ = {isa = PBXFileReference; fileEncoding = 4; lastKnownFileType = sourcecode.swift; path = CountDownView.swift; sourceTree = "<group>"; };
		82CA38722D144F2200B71AD0 /* LaunchCell.swift */ = {isa = PBXFileReference; fileEncoding = 4; lastKnownFileType = sourcecode.swift; path = LaunchCell.swift; sourceTree = "<group>"; };
		82CA38732D144F2200B71AD0 /* LinkRow.swift */ = {isa = PBXFileReference; fileEncoding = 4; lastKnownFileType = sourcecode.swift; path = LinkRow.swift; sourceTree = "<group>"; };
		82CA38752D144F2200B71AD0 /* APIManager.swift */ = {isa = PBXFileReference; fileEncoding = 4; lastKnownFileType = sourcecode.swift; path = APIManager.swift; sourceTree = "<group>"; };
		82CA38762D144F2200B71AD0 /* APIEndpoint.swift */ = {isa = PBXFileReference; fileEncoding = 4; lastKnownFileType = sourcecode.swift; path = APIEndpoint.swift; sourceTree = "<group>"; };
		82CA38782D144F2200B71AD0 /* Links.swift */ = {isa = PBXFileReference; fileEncoding = 4; lastKnownFileType = sourcecode.swift; path = Links.swift; sourceTree = "<group>"; };
		82CA387A2D144F2200B71AD0 /* LaunchType.swift */ = {isa = PBXFileReference; fileEncoding = 4; lastKnownFileType = sourcecode.swift; path = LaunchType.swift; sourceTree = "<group>"; };
		82CA387B2D144F2200B71AD0 /* Patch.swift */ = {isa = PBXFileReference; fileEncoding = 4; lastKnownFileType = sourcecode.swift; path = Patch.swift; sourceTree = "<group>"; };
		82CA387C2D144F2200B71AD0 /* Launchs.swift */ = {isa = PBXFileReference; fileEncoding = 4; lastKnownFileType = sourcecode.swift; path = Launchs.swift; sourceTree = "<group>"; };
		82CA387D2D144F2200B71AD0 /* Core.swift */ = {isa = PBXFileReference; fileEncoding = 4; lastKnownFileType = sourcecode.swift; path = Core.swift; sourceTree = "<group>"; };
		82CA387E2D144F2200B71AD0 /* Launch.swift */ = {isa = PBXFileReference; fileEncoding = 4; lastKnownFileType = sourcecode.swift; path = Launch.swift; sourceTree = "<group>"; };
		82CA387F2D144F2200B71AD0 /* RedditLinks.swift */ = {isa = PBXFileReference; fileEncoding = 4; lastKnownFileType = sourcecode.swift; path = RedditLinks.swift; sourceTree = "<group>"; };
		82CA38802D144F2200B71AD0 /* FlickrLinks.swift */ = {isa = PBXFileReference; fileEncoding = 4; lastKnownFileType = sourcecode.swift; path = FlickrLinks.swift; sourceTree = "<group>"; };
		82CA38822D144F2300B71AD0 /* DateUtil.swift */ = {isa = PBXFileReference; fileEncoding = 4; lastKnownFileType = sourcecode.swift; path = DateUtil.swift; sourceTree = "<group>"; };
		82CA38832D144F2300B71AD0 /* ColorUtil.swift */ = {isa = PBXFileReference; fileEncoding = 4; lastKnownFileType = sourcecode.swift; path = ColorUtil.swift; sourceTree = "<group>"; };
		82CA38852D144F2300B71AD0 /* LaunchViewModel.swift */ = {isa = PBXFileReference; fileEncoding = 4; lastKnownFileType = sourcecode.swift; path = LaunchViewModel.swift; sourceTree = "<group>"; };
		82CA38862D144F2300B71AD0 /* LaunchListViewModel.swift */ = {isa = PBXFileReference; fileEncoding = 4; lastKnownFileType = sourcecode.swift; path = LaunchListViewModel.swift; sourceTree = "<group>"; };
		82CA389C2D144F2C00B71AD0 /* Localizable.xcstrings */ = {isa = PBXFileReference; fileEncoding = 4; lastKnownFileType = text.json.xcstrings; path = Localizable.xcstrings; sourceTree = "<group>"; };
		82F89C692D145202006B320B /* Assets.xcassets */ = {isa = PBXFileReference; lastKnownFileType = folder.assetcatalog; path = Assets.xcassets; sourceTree = "<group>"; };
		F9BA717868C14D2046089DC1 /* Pods-SpaceX-Launch.debug.xcconfig */ = {isa = PBXFileReference; includeInIndex = 1; lastKnownFileType = text.xcconfig; name = "Pods-SpaceX-Launch.debug.xcconfig"; path = "Target Support Files/Pods-SpaceX-Launch/Pods-SpaceX-Launch.debug.xcconfig"; sourceTree = "<group>"; };
/* End PBXFileReference section */

/* Begin PBXFrameworksBuildPhase section */
		82CA38582D144EDD00B71AD0 /* Frameworks */ = {
			isa = PBXFrameworksBuildPhase;
			buildActionMask = 2147483647;
			files = (
				E3CA455675065735B4F81FE4 /* Pods_SpaceX_Launch.framework in Frameworks */,
			);
			runOnlyForDeploymentPostprocessing = 0;
		};
/* End PBXFrameworksBuildPhase section */

/* Begin PBXGroup section */
		82CA38522D144EDD00B71AD0 = {
			isa = PBXGroup;
			children = (
				82CA385D2D144EDD00B71AD0 /* SpaceX-Launch */,
				82CA385C2D144EDD00B71AD0 /* Products */,
				9274F8C872035D0DE7AA76DD /* Pods */,
				C646E431185ED230E94E1F7D /* Frameworks */,
			);
			sourceTree = "<group>";
		};
		82CA385C2D144EDD00B71AD0 /* Products */ = {
			isa = PBXGroup;
			children = (
				82CA385B2D144EDD00B71AD0 /* SpaceX-Launch.app */,
			);
			name = Products;
			sourceTree = "<group>";
		};
		82CA385D2D144EDD00B71AD0 /* SpaceX-Launch */ = {
			isa = PBXGroup;
			children = (
				82CA38772D144F2200B71AD0 /* model */,
				82CA38742D144F2200B71AD0 /* remote */,
				82CA38812D144F2300B71AD0 /* utils */,
				82CA386C2D144F2200B71AD0 /* view */,
				82CA38842D144F2300B71AD0 /* viewmodel */,
				82CA385E2D144EDD00B71AD0 /* SpaceX_LaunchApp.swift */,
				82CA389C2D144F2C00B71AD0 /* Localizable.xcstrings */,
				82CA38642D144EE100B71AD0 /* Preview Content */,
				82F89C692D145202006B320B /* Assets.xcassets */,
			);
			path = "SpaceX-Launch";
			sourceTree = "<group>";
		};
		82CA38642D144EE100B71AD0 /* Preview Content */ = {
			isa = PBXGroup;
			children = (
				82CA38652D144EE100B71AD0 /* Preview Assets.xcassets */,
			);
			path = "Preview Content";
			sourceTree = "<group>";
		};
		82CA386C2D144F2200B71AD0 /* view */ = {
			isa = PBXGroup;
			children = (
				82CA386D2D144F2200B71AD0 /* LaunchDetailView.swift */,
				82CA386E2D144F2200B71AD0 /* LaunchListView.swift */,
				82CA386F2D144F2200B71AD0 /* component */,
			);
			path = view;
			sourceTree = "<group>";
		};
		82CA386F2D144F2200B71AD0 /* component */ = {
			isa = PBXGroup;
			children = (
				82CA38702D144F2200B71AD0 /* LaunchItemCell.swift */,
				82CA38712D144F2200B71AD0 /* CountDownView.swift */,
				82CA38722D144F2200B71AD0 /* LaunchCell.swift */,
				82CA38732D144F2200B71AD0 /* LinkRow.swift */,
			);
			path = component;
			sourceTree = "<group>";
		};
		82CA38742D144F2200B71AD0 /* remote */ = {
			isa = PBXGroup;
			children = (
				82CA38752D144F2200B71AD0 /* APIManager.swift */,
				82CA38762D144F2200B71AD0 /* APIEndpoint.swift */,
			);
			path = remote;
			sourceTree = "<group>";
		};
		82CA38772D144F2200B71AD0 /* model */ = {
			isa = PBXGroup;
			children = (
				82CA38782D144F2200B71AD0 /* Links.swift */,
				82CA38792D144F2200B71AD0 /* enums */,
				82CA387B2D144F2200B71AD0 /* Patch.swift */,
				82CA387C2D144F2200B71AD0 /* Launchs.swift */,
				82CA387D2D144F2200B71AD0 /* Core.swift */,
				82CA387E2D144F2200B71AD0 /* Launch.swift */,
				82CA387F2D144F2200B71AD0 /* RedditLinks.swift */,
				82CA38802D144F2200B71AD0 /* FlickrLinks.swift */,
			);
			path = model;
			sourceTree = "<group>";
		};
		82CA38792D144F2200B71AD0 /* enums */ = {
			isa = PBXGroup;
			children = (
				82CA387A2D144F2200B71AD0 /* LaunchType.swift */,
			);
			path = enums;
			sourceTree = "<group>";
		};
		82CA38812D144F2300B71AD0 /* utils */ = {
			isa = PBXGroup;
			children = (
				82CA38822D144F2300B71AD0 /* DateUtil.swift */,
				82CA38832D144F2300B71AD0 /* ColorUtil.swift */,
			);
			path = utils;
			sourceTree = "<group>";
		};
		82CA38842D144F2300B71AD0 /* viewmodel */ = {
			isa = PBXGroup;
			children = (
				82CA38852D144F2300B71AD0 /* LaunchViewModel.swift */,
				82CA38862D144F2300B71AD0 /* LaunchListViewModel.swift */,
			);
			path = viewmodel;
			sourceTree = "<group>";
		};
		9274F8C872035D0DE7AA76DD /* Pods */ = {
			isa = PBXGroup;
			children = (
				F9BA717868C14D2046089DC1 /* Pods-SpaceX-Launch.debug.xcconfig */,
				0B9C16B811A966288381FC3F /* Pods-SpaceX-Launch.release.xcconfig */,
			);
			path = Pods;
			sourceTree = "<group>";
		};
		C646E431185ED230E94E1F7D /* Frameworks */ = {
			isa = PBXGroup;
			children = (
				1EF5E0C99C41C1E8F7EE2321 /* Pods_SpaceX_Launch.framework */,
			);
			name = Frameworks;
			sourceTree = "<group>";
		};
/* End PBXGroup section */

/* Begin PBXNativeTarget section */
		82CA385A2D144EDD00B71AD0 /* SpaceX-Launch */ = {
			isa = PBXNativeTarget;
			buildConfigurationList = 82CA38692D144EE100B71AD0 /* Build configuration list for PBXNativeTarget "SpaceX-Launch" */;
			buildPhases = (
				08B7C414E9D54A7631D113E4 /* [CP] Check Pods Manifest.lock */,
				82CA38572D144EDD00B71AD0 /* Sources */,
				82CA38582D144EDD00B71AD0 /* Frameworks */,
				82CA38592D144EDD00B71AD0 /* Resources */,
				8A30D6ACC3901C09D96D3354 /* [CP] Embed Pods Frameworks */,
			);
			buildRules = (
			);
			dependencies = (
			);
			name = "SpaceX-Launch";
			productName = "SpaceX-Launch";
			productReference = 82CA385B2D144EDD00B71AD0 /* SpaceX-Launch.app */;
			productType = "com.apple.product-type.application";
		};
/* End PBXNativeTarget section */

/* Begin PBXProject section */
		82CA38532D144EDD00B71AD0 /* Project object */ = {
			isa = PBXProject;
			attributes = {
				BuildIndependentTargetsInParallel = 1;
				LastSwiftUpdateCheck = 1510;
				LastUpgradeCheck = 1510;
				TargetAttributes = {
					82CA385A2D144EDD00B71AD0 = {
						CreatedOnToolsVersion = 15.1;
					};
				};
			};
			buildConfigurationList = 82CA38562D144EDD00B71AD0 /* Build configuration list for PBXProject "SpaceX-Launch" */;
			compatibilityVersion = "Xcode 14.0";
			developmentRegion = en;
			hasScannedForEncodings = 0;
			knownRegions = (
				en,
				Base,
			);
			mainGroup = 82CA38522D144EDD00B71AD0;
			productRefGroup = 82CA385C2D144EDD00B71AD0 /* Products */;
			projectDirPath = "";
			projectRoot = "";
			targets = (
				82CA385A2D144EDD00B71AD0 /* SpaceX-Launch */,
			);
		};
/* End PBXProject section */

/* Begin PBXResourcesBuildPhase section */
		82CA38592D144EDD00B71AD0 /* Resources */ = {
			isa = PBXResourcesBuildPhase;
			buildActionMask = 2147483647;
			files = (
				82CA38662D144EE100B71AD0 /* Preview Assets.xcassets in Resources */,
				82F89C6A2D145202006B320B /* Assets.xcassets in Resources */,
				82CA389E2D144F2C00B71AD0 /* Localizable.xcstrings in Resources */,
			);
			runOnlyForDeploymentPostprocessing = 0;
		};
/* End PBXResourcesBuildPhase section */

/* Begin PBXShellScriptBuildPhase section */
		08B7C414E9D54A7631D113E4 /* [CP] Check Pods Manifest.lock */ = {
			isa = PBXShellScriptBuildPhase;
			buildActionMask = 2147483647;
			files = (
			);
			inputFileListPaths = (
			);
			inputPaths = (
				"${PODS_PODFILE_DIR_PATH}/Podfile.lock",
				"${PODS_ROOT}/Manifest.lock",
			);
			name = "[CP] Check Pods Manifest.lock";
			outputFileListPaths = (
			);
			outputPaths = (
				"$(DERIVED_FILE_DIR)/Pods-SpaceX-Launch-checkManifestLockResult.txt",
			);
			runOnlyForDeploymentPostprocessing = 0;
			shellPath = /bin/sh;
			shellScript = "diff \"${PODS_PODFILE_DIR_PATH}/Podfile.lock\" \"${PODS_ROOT}/Manifest.lock\" > /dev/null\nif [ $? != 0 ] ; then\n    # print error to STDERR\n    echo \"error: The sandbox is not in sync with the Podfile.lock. Run 'pod install' or update your CocoaPods installation.\" >&2\n    exit 1\nfi\n# This output is used by Xcode 'outputs' to avoid re-running this script phase.\necho \"SUCCESS\" > \"${SCRIPT_OUTPUT_FILE_0}\"\n";
			showEnvVarsInLog = 0;
		};
		8A30D6ACC3901C09D96D3354 /* [CP] Embed Pods Frameworks */ = {
			isa = PBXShellScriptBuildPhase;
			buildActionMask = 2147483647;
			files = (
			);
			inputFileListPaths = (
				"${PODS_ROOT}/Target Support Files/Pods-SpaceX-Launch/Pods-SpaceX-Launch-frameworks-${CONFIGURATION}-input-files.xcfilelist",
			);
			name = "[CP] Embed Pods Frameworks";
			outputFileListPaths = (
				"${PODS_ROOT}/Target Support Files/Pods-SpaceX-Launch/Pods-SpaceX-Launch-frameworks-${CONFIGURATION}-output-files.xcfilelist",
			);
			runOnlyForDeploymentPostprocessing = 0;
			shellPath = /bin/sh;
			shellScript = "\"${PODS_ROOT}/Target Support Files/Pods-SpaceX-Launch/Pods-SpaceX-Launch-frameworks.sh\"\n";
			showEnvVarsInLog = 0;
		};
/* End PBXShellScriptBuildPhase section */

/* Begin PBXSourcesBuildPhase section */
		82CA38572D144EDD00B71AD0 /* Sources */ = {
			isa = PBXSourcesBuildPhase;
			buildActionMask = 2147483647;
			files = (
				82CA388D2D144F2300B71AD0 /* APIManager.swift in Sources */,
				82CA388E2D144F2300B71AD0 /* APIEndpoint.swift in Sources */,
				82CA38922D144F2300B71AD0 /* Launchs.swift in Sources */,
				82CA38992D144F2300B71AD0 /* LaunchViewModel.swift in Sources */,
				82CA38882D144F2300B71AD0 /* LaunchListView.swift in Sources */,
				82CA38892D144F2300B71AD0 /* LaunchItemCell.swift in Sources */,
				82CA388C2D144F2300B71AD0 /* LinkRow.swift in Sources */,
				82CA38982D144F2300B71AD0 /* ColorUtil.swift in Sources */,
				82CA388F2D144F2300B71AD0 /* Links.swift in Sources */,
				82CA389A2D144F2300B71AD0 /* LaunchListViewModel.swift in Sources */,
				82CA388B2D144F2300B71AD0 /* LaunchCell.swift in Sources */,
				82CA38962D144F2300B71AD0 /* FlickrLinks.swift in Sources */,
				82CA38872D144F2300B71AD0 /* LaunchDetailView.swift in Sources */,
				82CA38952D144F2300B71AD0 /* RedditLinks.swift in Sources */,
				82CA38902D144F2300B71AD0 /* LaunchType.swift in Sources */,
				82CA38932D144F2300B71AD0 /* Core.swift in Sources */,
				82CA388A2D144F2300B71AD0 /* CountDownView.swift in Sources */,
				82CA38912D144F2300B71AD0 /* Patch.swift in Sources */,
				82CA38972D144F2300B71AD0 /* DateUtil.swift in Sources */,
				82CA38942D144F2300B71AD0 /* Launch.swift in Sources */,
				82CA385F2D144EDD00B71AD0 /* SpaceX_LaunchApp.swift in Sources */,
			);
			runOnlyForDeploymentPostprocessing = 0;
		};
/* End PBXSourcesBuildPhase section */

/* Begin XCBuildConfiguration section */
		82CA38672D144EE100B71AD0 /* Debug */ = {
			isa = XCBuildConfiguration;
			buildSettings = {
				ALWAYS_SEARCH_USER_PATHS = NO;
				ASSETCATALOG_COMPILER_GENERATE_SWIFT_ASSET_SYMBOL_EXTENSIONS = YES;
				CLANG_ANALYZER_NONNULL = YES;
				CLANG_ANALYZER_NUMBER_OBJECT_CONVERSION = YES_AGGRESSIVE;
				CLANG_CXX_LANGUAGE_STANDARD = "gnu++20";
				CLANG_ENABLE_MODULES = YES;
				CLANG_ENABLE_OBJC_ARC = YES;
				CLANG_ENABLE_OBJC_WEAK = YES;
				CLANG_WARN_BLOCK_CAPTURE_AUTORELEASING = YES;
				CLANG_WARN_BOOL_CONVERSION = YES;
				CLANG_WARN_COMMA = YES;
				CLANG_WARN_CONSTANT_CONVERSION = YES;
				CLANG_WARN_DEPRECATED_OBJC_IMPLEMENTATIONS = YES;
				CLANG_WARN_DIRECT_OBJC_ISA_USAGE = YES_ERROR;
				CLANG_WARN_DOCUMENTATION_COMMENTS = YES;
				CLANG_WARN_EMPTY_BODY = YES;
				CLANG_WARN_ENUM_CONVERSION = YES;
				CLANG_WARN_INFINITE_RECURSION = YES;
				CLANG_WARN_INT_CONVERSION = YES;
				CLANG_WARN_NON_LITERAL_NULL_CONVERSION = YES;
				CLANG_WARN_OBJC_IMPLICIT_RETAIN_SELF = YES;
				CLANG_WARN_OBJC_LITERAL_CONVERSION = YES;
				CLANG_WARN_OBJC_ROOT_CLASS = YES_ERROR;
				CLANG_WARN_QUOTED_INCLUDE_IN_FRAMEWORK_HEADER = YES;
				CLANG_WARN_RANGE_LOOP_ANALYSIS = YES;
				CLANG_WARN_STRICT_PROTOTYPES = YES;
				CLANG_WARN_SUSPICIOUS_MOVE = YES;
				CLANG_WARN_UNGUARDED_AVAILABILITY = YES_AGGRESSIVE;
				CLANG_WARN_UNREACHABLE_CODE = YES;
				CLANG_WARN__DUPLICATE_METHOD_MATCH = YES;
				COPY_PHASE_STRIP = NO;
				DEBUG_INFORMATION_FORMAT = dwarf;
				ENABLE_STRICT_OBJC_MSGSEND = YES;
				ENABLE_TESTABILITY = YES;
				ENABLE_USER_SCRIPT_SANDBOXING = YES;
				GCC_C_LANGUAGE_STANDARD = gnu17;
				GCC_DYNAMIC_NO_PIC = NO;
				GCC_NO_COMMON_BLOCKS = YES;
				GCC_OPTIMIZATION_LEVEL = 0;
				GCC_PREPROCESSOR_DEFINITIONS = (
					"DEBUG=1",
					"$(inherited)",
				);
				GCC_WARN_64_TO_32_BIT_CONVERSION = YES;
				GCC_WARN_ABOUT_RETURN_TYPE = YES_ERROR;
				GCC_WARN_UNDECLARED_SELECTOR = YES;
				GCC_WARN_UNINITIALIZED_AUTOS = YES_AGGRESSIVE;
				GCC_WARN_UNUSED_FUNCTION = YES;
				GCC_WARN_UNUSED_VARIABLE = YES;
				IPHONEOS_DEPLOYMENT_TARGET = 17.2;
				LOCALIZATION_PREFERS_STRING_CATALOGS = YES;
				MTL_ENABLE_DEBUG_INFO = INCLUDE_SOURCE;
				MTL_FAST_MATH = YES;
				ONLY_ACTIVE_ARCH = YES;
				SDKROOT = iphoneos;
				SWIFT_ACTIVE_COMPILATION_CONDITIONS = "DEBUG $(inherited)";
				SWIFT_OPTIMIZATION_LEVEL = "-Onone";
			};
			name = Debug;
		};
		82CA38682D144EE100B71AD0 /* Release */ = {
			isa = XCBuildConfiguration;
			buildSettings = {
				ALWAYS_SEARCH_USER_PATHS = NO;
				ASSETCATALOG_COMPILER_GENERATE_SWIFT_ASSET_SYMBOL_EXTENSIONS = YES;
				CLANG_ANALYZER_NONNULL = YES;
				CLANG_ANALYZER_NUMBER_OBJECT_CONVERSION = YES_AGGRESSIVE;
				CLANG_CXX_LANGUAGE_STANDARD = "gnu++20";
				CLANG_ENABLE_MODULES = YES;
				CLANG_ENABLE_OBJC_ARC = YES;
				CLANG_ENABLE_OBJC_WEAK = YES;
				CLANG_WARN_BLOCK_CAPTURE_AUTORELEASING = YES;
				CLANG_WARN_BOOL_CONVERSION = YES;
				CLANG_WARN_COMMA = YES;
				CLANG_WARN_CONSTANT_CONVERSION = YES;
				CLANG_WARN_DEPRECATED_OBJC_IMPLEMENTATIONS = YES;
				CLANG_WARN_DIRECT_OBJC_ISA_USAGE = YES_ERROR;
				CLANG_WARN_DOCUMENTATION_COMMENTS = YES;
				CLANG_WARN_EMPTY_BODY = YES;
				CLANG_WARN_ENUM_CONVERSION = YES;
				CLANG_WARN_INFINITE_RECURSION = YES;
				CLANG_WARN_INT_CONVERSION = YES;
				CLANG_WARN_NON_LITERAL_NULL_CONVERSION = YES;
				CLANG_WARN_OBJC_IMPLICIT_RETAIN_SELF = YES;
				CLANG_WARN_OBJC_LITERAL_CONVERSION = YES;
				CLANG_WARN_OBJC_ROOT_CLASS = YES_ERROR;
				CLANG_WARN_QUOTED_INCLUDE_IN_FRAMEWORK_HEADER = YES;
				CLANG_WARN_RANGE_LOOP_ANALYSIS = YES;
				CLANG_WARN_STRICT_PROTOTYPES = YES;
				CLANG_WARN_SUSPICIOUS_MOVE = YES;
				CLANG_WARN_UNGUARDED_AVAILABILITY = YES_AGGRESSIVE;
				CLANG_WARN_UNREACHABLE_CODE = YES;
				CLANG_WARN__DUPLICATE_METHOD_MATCH = YES;
				COPY_PHASE_STRIP = NO;
				DEBUG_INFORMATION_FORMAT = "dwarf-with-dsym";
				ENABLE_NS_ASSERTIONS = NO;
				ENABLE_STRICT_OBJC_MSGSEND = YES;
				ENABLE_USER_SCRIPT_SANDBOXING = YES;
				GCC_C_LANGUAGE_STANDARD = gnu17;
				GCC_NO_COMMON_BLOCKS = YES;
				GCC_WARN_64_TO_32_BIT_CONVERSION = YES;
				GCC_WARN_ABOUT_RETURN_TYPE = YES_ERROR;
				GCC_WARN_UNDECLARED_SELECTOR = YES;
				GCC_WARN_UNINITIALIZED_AUTOS = YES_AGGRESSIVE;
				GCC_WARN_UNUSED_FUNCTION = YES;
				GCC_WARN_UNUSED_VARIABLE = YES;
				IPHONEOS_DEPLOYMENT_TARGET = 17.2;
				LOCALIZATION_PREFERS_STRING_CATALOGS = YES;
				MTL_ENABLE_DEBUG_INFO = NO;
				MTL_FAST_MATH = YES;
				SDKROOT = iphoneos;
				SWIFT_COMPILATION_MODE = wholemodule;
				VALIDATE_PRODUCT = YES;
			};
			name = Release;
		};
		82CA386A2D144EE100B71AD0 /* Debug */ = {
			isa = XCBuildConfiguration;
			baseConfigurationReference = F9BA717868C14D2046089DC1 /* Pods-SpaceX-Launch.debug.xcconfig */;
			buildSettings = {
				ASSETCATALOG_COMPILER_APPICON_NAME = AppIcon;
				ASSETCATALOG_COMPILER_GLOBAL_ACCENT_COLOR_NAME = AccentColor;
				CODE_SIGN_STYLE = Automatic;
				CURRENT_PROJECT_VERSION = 1;
				DEVELOPMENT_ASSET_PATHS = "\"SpaceX-Launch/Preview Content\"";
				ENABLE_PREVIEWS = YES;
				ENABLE_USER_SCRIPT_SANDBOXING = NO;
				GENERATE_INFOPLIST_FILE = YES;
				INFOPLIST_KEY_UIApplicationSceneManifest_Generation = YES;
				INFOPLIST_KEY_UIApplicationSupportsIndirectInputEvents = YES;
				INFOPLIST_KEY_UILaunchScreen_Generation = YES;
				INFOPLIST_KEY_UISupportedInterfaceOrientations_iPad = "UIInterfaceOrientationPortrait UIInterfaceOrientationPortraitUpsideDown UIInterfaceOrientationLandscapeLeft UIInterfaceOrientationLandscapeRight";
				INFOPLIST_KEY_UISupportedInterfaceOrientations_iPhone = "UIInterfaceOrientationPortrait UIInterfaceOrientationLandscapeLeft UIInterfaceOrientationLandscapeRight";
				LD_RUNPATH_SEARCH_PATHS = (
					"$(inherited)",
					"@executable_path/Frameworks",
				);
				MARKETING_VERSION = 1.0;
				PRODUCT_BUNDLE_IDENTIFIER = "com.oktydeniz.SpaceX-Launch";
				PRODUCT_NAME = "$(TARGET_NAME)";
				SWIFT_EMIT_LOC_STRINGS = YES;
				SWIFT_VERSION = 5.0;
				TARGETED_DEVICE_FAMILY = "1,2";
			};
			name = Debug;
		};
		82CA386B2D144EE100B71AD0 /* Release */ = {
			isa = XCBuildConfiguration;
			baseConfigurationReference = 0B9C16B811A966288381FC3F /* Pods-SpaceX-Launch.release.xcconfig */;
			buildSettings = {
				ASSETCATALOG_COMPILER_APPICON_NAME = AppIcon;
				ASSETCATALOG_COMPILER_GLOBAL_ACCENT_COLOR_NAME = AccentColor;
				CODE_SIGN_STYLE = Automatic;
				CURRENT_PROJECT_VERSION = 1;
				DEVELOPMENT_ASSET_PATHS = "\"SpaceX-Launch/Preview Content\"";
				ENABLE_PREVIEWS = YES;
				ENABLE_USER_SCRIPT_SANDBOXING = NO;
				GENERATE_INFOPLIST_FILE = YES;
				INFOPLIST_KEY_UIApplicationSceneManifest_Generation = YES;
				INFOPLIST_KEY_UIApplicationSupportsIndirectInputEvents = YES;
				INFOPLIST_KEY_UILaunchScreen_Generation = YES;
				INFOPLIST_KEY_UISupportedInterfaceOrientations_iPad = "UIInterfaceOrientationPortrait UIInterfaceOrientationPortraitUpsideDown UIInterfaceOrientationLandscapeLeft UIInterfaceOrientationLandscapeRight";
				INFOPLIST_KEY_UISupportedInterfaceOrientations_iPhone = "UIInterfaceOrientationPortrait UIInterfaceOrientationLandscapeLeft UIInterfaceOrientationLandscapeRight";
				LD_RUNPATH_SEARCH_PATHS = (
					"$(inherited)",
					"@executable_path/Frameworks",
				);
				MARKETING_VERSION = 1.0;
				PRODUCT_BUNDLE_IDENTIFIER = "com.oktydeniz.SpaceX-Launch";
				PRODUCT_NAME = "$(TARGET_NAME)";
				SWIFT_EMIT_LOC_STRINGS = YES;
				SWIFT_VERSION = 5.0;
				TARGETED_DEVICE_FAMILY = "1,2";
			};
			name = Release;
		};
/* End XCBuildConfiguration section */

/* Begin XCConfigurationList section */
		82CA38562D144EDD00B71AD0 /* Build configuration list for PBXProject "SpaceX-Launch" */ = {
			isa = XCConfigurationList;
			buildConfigurations = (
				82CA38672D144EE100B71AD0 /* Debug */,
				82CA38682D144EE100B71AD0 /* Release */,
			);
			defaultConfigurationIsVisible = 0;
			defaultConfigurationName = Release;
		};
		82CA38692D144EE100B71AD0 /* Build configuration list for PBXNativeTarget "SpaceX-Launch" */ = {
			isa = XCConfigurationList;
			buildConfigurations = (
				82CA386A2D144EE100B71AD0 /* Debug */,
				82CA386B2D144EE100B71AD0 /* Release */,
			);
			defaultConfigurationIsVisible = 0;
			defaultConfigurationName = Release;
		};
/* End XCConfigurationList section */
	};
	rootObject = 82CA38532D144EDD00B71AD0 /* Project object */;
}
